// !$*UTF8*$!
{
	archiveVersion = 1;
	classes = {
	};
	objectVersion = 55;
	objects = {

/* Begin PBXBuildFile section */
		F610B0C228BDDA0A00A60DC6 /* AppDelegate.swift in Sources */ = {isa = PBXBuildFile; fileRef = F610B0C128BDDA0A00A60DC6 /* AppDelegate.swift */; };
		F610B0C428BDDA0A00A60DC6 /* SceneDelegate.swift in Sources */ = {isa = PBXBuildFile; fileRef = F610B0C328BDDA0A00A60DC6 /* SceneDelegate.swift */; };
		F610B0C628BDDA0A00A60DC6 /* ViewController.swift in Sources */ = {isa = PBXBuildFile; fileRef = F610B0C528BDDA0A00A60DC6 /* ViewController.swift */; };
		F610B0C928BDDA0A00A60DC6 /* Main.storyboard in Resources */ = {isa = PBXBuildFile; fileRef = F610B0C728BDDA0A00A60DC6 /* Main.storyboard */; };
		F610B0CB28BDDA0B00A60DC6 /* Assets.xcassets in Resources */ = {isa = PBXBuildFile; fileRef = F610B0CA28BDDA0B00A60DC6 /* Assets.xcassets */; };
		F610B0CE28BDDA0B00A60DC6 /* LaunchScreen.storyboard in Resources */ = {isa = PBXBuildFile; fileRef = F610B0CC28BDDA0B00A60DC6 /* LaunchScreen.storyboard */; };
		F610B0EB28BDDA4800A60DC6 /* lobby.png in Resources */ = {isa = PBXBuildFile; fileRef = F610B0D728BDDA4800A60DC6 /* lobby.png */; };
		F610B0EC28BDDA4800A60DC6 /* battlebg.png in Resources */ = {isa = PBXBuildFile; fileRef = F610B0D828BDDA4800A60DC6 /* battlebg.png */; };
		F610B0ED28BDDA4800A60DC6 /* bgimage.jpg in Resources */ = {isa = PBXBuildFile; fileRef = F610B0D928BDDA4800A60DC6 /* bgimage.jpg */; };
		F610B0EE28BDDA4800A60DC6 /* waku.png in Resources */ = {isa = PBXBuildFile; fileRef = F610B0DA28BDDA4800A60DC6 /* waku.png */; };
		F610B0EF28BDDA4800A60DC6 /* gold_button.png in Resources */ = {isa = PBXBuildFile; fileRef = F610B0DB28BDDA4800A60DC6 /* gold_button.png */; };
		F610B0F028BDDA4800A60DC6 /* yusya.png in Resources */ = {isa = PBXBuildFile; fileRef = F610B0DC28BDDA4800A60DC6 /* yusya.png */; };
		F610B0F128BDDA4800A60DC6 /* monster.png in Resources */ = {isa = PBXBuildFile; fileRef = F610B0DD28BDDA4800A60DC6 /* monster.png */; };
		F610B0F228BDDA4800A60DC6 /* TechMonManager.swift in Sources */ = {isa = PBXBuildFile; fileRef = F610B0DF28BDDA4800A60DC6 /* TechMonManager.swift */; };
		F610B0F328BDDA4800A60DC6 /* Character.swift in Sources */ = {isa = PBXBuildFile; fileRef = F610B0E028BDDA4800A60DC6 /* Character.swift */; };
		F610B0F428BDDA4800A60DC6 /* SE_fanfare.mp3 in Resources */ = {isa = PBXBuildFile; fileRef = F610B0E228BDDA4800A60DC6 /* SE_fanfare.mp3 */; };
		F610B0F528BDDA4800A60DC6 /* BGM_battle001.mp3 in Resources */ = {isa = PBXBuildFile; fileRef = F610B0E328BDDA4800A60DC6 /* BGM_battle001.mp3 */; };
		F610B0F628BDDA4800A60DC6 /* SE_fire.mp3 in Resources */ = {isa = PBXBuildFile; fileRef = F610B0E428BDDA4800A60DC6 /* SE_fire.mp3 */; };
		F610B0F728BDDA4800A60DC6 /* SE_attack.mp3 in Resources */ = {isa = PBXBuildFile; fileRef = F610B0E528BDDA4800A60DC6 /* SE_attack.mp3 */; };
		F610B0F828BDDA4800A60DC6 /* SE_gameover.mp3 in Resources */ = {isa = PBXBuildFile; fileRef = F610B0E628BDDA4800A60DC6 /* SE_gameover.mp3 */; };
		F610B0F928BDDA4800A60DC6 /* SE_charge.mp3 in Resources */ = {isa = PBXBuildFile; fileRef = F610B0E728BDDA4800A60DC6 /* SE_charge.mp3 */; };
		F610B0FA28BDDA4800A60DC6 /* lobby.mp3 in Resources */ = {isa = PBXBuildFile; fileRef = F610B0E828BDDA4800A60DC6 /* lobby.mp3 */; };
		F610B0FB28BDDA4800A60DC6 /* misaki_gothic.ttf in Resources */ = {isa = PBXBuildFile; fileRef = F610B0EA28BDDA4800A60DC6 /* misaki_gothic.ttf */; };
		F610B0FD28BE0F3400A60DC6 /* LobbyViewController.swift in Sources */ = {isa = PBXBuildFile; fileRef = F610B0FC28BE0F3400A60DC6 /* LobbyViewController.swift */; };
		F610B0FF28BE0F4600A60DC6 /* BattleViewController.swift in Sources */ = {isa = PBXBuildFile; fileRef = F610B0FE28BE0F4600A60DC6 /* BattleViewController.swift */; };
/* End PBXBuildFile section */

/* Begin PBXFileReference section */
		F610B0BE28BDDA0A00A60DC6 /* TechMon.app */ = {isa = PBXFileReference; explicitFileType = wrapper.application; includeInIndex = 0; path = TechMon.app; sourceTree = BUILT_PRODUCTS_DIR; };
		F610B0C128BDDA0A00A60DC6 /* AppDelegate.swift */ = {isa = PBXFileReference; lastKnownFileType = sourcecode.swift; path = AppDelegate.swift; sourceTree = "<group>"; };
		F610B0C328BDDA0A00A60DC6 /* SceneDelegate.swift */ = {isa = PBXFileReference; lastKnownFileType = sourcecode.swift; path = SceneDelegate.swift; sourceTree = "<group>"; };
		F610B0C528BDDA0A00A60DC6 /* ViewController.swift */ = {isa = PBXFileReference; lastKnownFileType = sourcecode.swift; path = ViewController.swift; sourceTree = "<group>"; };
		F610B0C828BDDA0A00A60DC6 /* Base */ = {isa = PBXFileReference; lastKnownFileType = file.storyboard; name = Base; path = Base.lproj/Main.storyboard; sourceTree = "<group>"; };
		F610B0CA28BDDA0B00A60DC6 /* Assets.xcassets */ = {isa = PBXFileReference; lastKnownFileType = folder.assetcatalog; path = Assets.xcassets; sourceTree = "<group>"; };
		F610B0CD28BDDA0B00A60DC6 /* Base */ = {isa = PBXFileReference; lastKnownFileType = file.storyboard; name = Base; path = Base.lproj/LaunchScreen.storyboard; sourceTree = "<group>"; };
		F610B0CF28BDDA0B00A60DC6 /* Info.plist */ = {isa = PBXFileReference; lastKnownFileType = text.plist.xml; path = Info.plist; sourceTree = "<group>"; };
		F610B0D728BDDA4800A60DC6 /* lobby.png */ = {isa = PBXFileReference; lastKnownFileType = image.png; path = lobby.png; sourceTree = "<group>"; };
		F610B0D828BDDA4800A60DC6 /* battlebg.png */ = {isa = PBXFileReference; lastKnownFileType = image.png; path = battlebg.png; sourceTree = "<group>"; };
		F610B0D928BDDA4800A60DC6 /* bgimage.jpg */ = {isa = PBXFileReference; lastKnownFileType = image.jpeg; path = bgimage.jpg; sourceTree = "<group>"; };
		F610B0DA28BDDA4800A60DC6 /* waku.png */ = {isa = PBXFileReference; lastKnownFileType = image.png; path = waku.png; sourceTree = "<group>"; };
		F610B0DB28BDDA4800A60DC6 /* gold_button.png */ = {isa = PBXFileReference; lastKnownFileType = image.png; path = gold_button.png; sourceTree = "<group>"; };
		F610B0DC28BDDA4800A60DC6 /* yusya.png */ = {isa = PBXFileReference; lastKnownFileType = image.png; path = yusya.png; sourceTree = "<group>"; };
		F610B0DD28BDDA4800A60DC6 /* monster.png */ = {isa = PBXFileReference; lastKnownFileType = image.png; path = monster.png; sourceTree = "<group>"; };
		F610B0DF28BDDA4800A60DC6 /* TechMonManager.swift */ = {isa = PBXFileReference; fileEncoding = 4; lastKnownFileType = sourcecode.swift; path = TechMonManager.swift; sourceTree = "<group>"; };
		F610B0E028BDDA4800A60DC6 /* Character.swift */ = {isa = PBXFileReference; fileEncoding = 4; lastKnownFileType = sourcecode.swift; path = Character.swift; sourceTree = "<group>"; };
		F610B0E228BDDA4800A60DC6 /* SE_fanfare.mp3 */ = {isa = PBXFileReference; lastKnownFileType = audio.mp3; path = SE_fanfare.mp3; sourceTree = "<group>"; };
		F610B0E328BDDA4800A60DC6 /* BGM_battle001.mp3 */ = {isa = PBXFileReference; lastKnownFileType = audio.mp3; path = BGM_battle001.mp3; sourceTree = "<group>"; };
		F610B0E428BDDA4800A60DC6 /* SE_fire.mp3 */ = {isa = PBXFileReference; lastKnownFileType = audio.mp3; path = SE_fire.mp3; sourceTree = "<group>"; };
		F610B0E528BDDA4800A60DC6 /* SE_attack.mp3 */ = {isa = PBXFileReference; lastKnownFileType = audio.mp3; path = SE_attack.mp3; sourceTree = "<group>"; };
		F610B0E628BDDA4800A60DC6 /* SE_gameover.mp3 */ = {isa = PBXFileReference; lastKnownFileType = audio.mp3; path = SE_gameover.mp3; sourceTree = "<group>"; };
		F610B0E728BDDA4800A60DC6 /* SE_charge.mp3 */ = {isa = PBXFileReference; lastKnownFileType = audio.mp3; path = SE_charge.mp3; sourceTree = "<group>"; };
		F610B0E828BDDA4800A60DC6 /* lobby.mp3 */ = {isa = PBXFileReference; lastKnownFileType = audio.mp3; path = lobby.mp3; sourceTree = "<group>"; };
		F610B0EA28BDDA4800A60DC6 /* misaki_gothic.ttf */ = {isa = PBXFileReference; lastKnownFileType = file; path = misaki_gothic.ttf; sourceTree = "<group>"; };
		F610B0FC28BE0F3400A60DC6 /* LobbyViewController.swift */ = {isa = PBXFileReference; lastKnownFileType = sourcecode.swift; path = LobbyViewController.swift; sourceTree = "<group>"; };
		F610B0FE28BE0F4600A60DC6 /* BattleViewController.swift */ = {isa = PBXFileReference; lastKnownFileType = sourcecode.swift; path = BattleViewController.swift; sourceTree = "<group>"; };
/* End PBXFileReference section */

/* Begin PBXFrameworksBuildPhase section */
		F610B0BB28BDDA0A00A60DC6 /* Frameworks */ = {
			isa = PBXFrameworksBuildPhase;
			buildActionMask = 2147483647;
			files = (
			);
			runOnlyForDeploymentPostprocessing = 0;
		};
/* End PBXFrameworksBuildPhase section */

/* Begin PBXGroup section */
		F610B0B528BDDA0A00A60DC6 = {
			isa = PBXGroup;
			children = (
				F610B0C028BDDA0A00A60DC6 /* TechMon */,
				F610B0BF28BDDA0A00A60DC6 /* Products */,
			);
			sourceTree = "<group>";
		};
		F610B0BF28BDDA0A00A60DC6 /* Products */ = {
			isa = PBXGroup;
			children = (
				F610B0BE28BDDA0A00A60DC6 /* TechMon.app */,
			);
			name = Products;
			sourceTree = "<group>";
		};
		F610B0C028BDDA0A00A60DC6 /* TechMon */ = {
			isa = PBXGroup;
			children = (
				F610B0D528BDDA4800A60DC6 /* TechMon_Resource */,
				F610B0C128BDDA0A00A60DC6 /* AppDelegate.swift */,
				F610B0C328BDDA0A00A60DC6 /* SceneDelegate.swift */,
				F610B0C528BDDA0A00A60DC6 /* ViewController.swift */,
				F610B0C728BDDA0A00A60DC6 /* Main.storyboard */,
				F610B0CA28BDDA0B00A60DC6 /* Assets.xcassets */,
				F610B0CC28BDDA0B00A60DC6 /* LaunchScreen.storyboard */,
				F610B0CF28BDDA0B00A60DC6 /* Info.plist */,
				F610B0FC28BE0F3400A60DC6 /* LobbyViewController.swift */,
				F610B0FE28BE0F4600A60DC6 /* BattleViewController.swift */,
			);
			path = TechMon;
			sourceTree = "<group>";
		};
		F610B0D528BDDA4800A60DC6 /* TechMon_Resource */ = {
			isa = PBXGroup;
			children = (
				F610B0D628BDDA4800A60DC6 /* Images */,
				F610B0DE28BDDA4800A60DC6 /* Models */,
				F610B0E128BDDA4800A60DC6 /* Sounds */,
				F610B0E928BDDA4800A60DC6 /* Fonts */,
			);
			path = TechMon_Resource;
			sourceTree = "<group>";
		};
		F610B0D628BDDA4800A60DC6 /* Images */ = {
			isa = PBXGroup;
			children = (
				F610B0D728BDDA4800A60DC6 /* lobby.png */,
				F610B0D828BDDA4800A60DC6 /* battlebg.png */,
				F610B0D928BDDA4800A60DC6 /* bgimage.jpg */,
				F610B0DA28BDDA4800A60DC6 /* waku.png */,
				F610B0DB28BDDA4800A60DC6 /* gold_button.png */,
				F610B0DC28BDDA4800A60DC6 /* yusya.png */,
				F610B0DD28BDDA4800A60DC6 /* monster.png */,
			);
			path = Images;
			sourceTree = "<group>";
		};
		F610B0DE28BDDA4800A60DC6 /* Models */ = {
			isa = PBXGroup;
			children = (
				F610B0DF28BDDA4800A60DC6 /* TechMonManager.swift */,
				F610B0E028BDDA4800A60DC6 /* Character.swift */,
			);
			path = Models;
			sourceTree = "<group>";
		};
		F610B0E128BDDA4800A60DC6 /* Sounds */ = {
			isa = PBXGroup;
			children = (
				F610B0E228BDDA4800A60DC6 /* SE_fanfare.mp3 */,
				F610B0E328BDDA4800A60DC6 /* BGM_battle001.mp3 */,
				F610B0E428BDDA4800A60DC6 /* SE_fire.mp3 */,
				F610B0E528BDDA4800A60DC6 /* SE_attack.mp3 */,
				F610B0E628BDDA4800A60DC6 /* SE_gameover.mp3 */,
				F610B0E728BDDA4800A60DC6 /* SE_charge.mp3 */,
				F610B0E828BDDA4800A60DC6 /* lobby.mp3 */,
			);
			path = Sounds;
			sourceTree = "<group>";
		};
		F610B0E928BDDA4800A60DC6 /* Fonts */ = {
			isa = PBXGroup;
			children = (
				F610B0EA28BDDA4800A60DC6 /* misaki_gothic.ttf */,
			);
			path = Fonts;
			sourceTree = "<group>";
		};
/* End PBXGroup section */

/* Begin PBXNativeTarget section */
		F610B0BD28BDDA0A00A60DC6 /* TechMon */ = {
			isa = PBXNativeTarget;
			buildConfigurationList = F610B0D228BDDA0B00A60DC6 /* Build configuration list for PBXNativeTarget "TechMon" */;
			buildPhases = (
				F610B0BA28BDDA0A00A60DC6 /* Sources */,
				F610B0BB28BDDA0A00A60DC6 /* Frameworks */,
				F610B0BC28BDDA0A00A60DC6 /* Resources */,
			);
			buildRules = (
			);
			dependencies = (
			);
			name = TechMon;
			productName = TechMon;
			productReference = F610B0BE28BDDA0A00A60DC6 /* TechMon.app */;
			productType = "com.apple.product-type.application";
		};
/* End PBXNativeTarget section */

/* Begin PBXProject section */
		F610B0B628BDDA0A00A60DC6 /* Project object */ = {
			isa = PBXProject;
			attributes = {
				BuildIndependentTargetsInParallel = 1;
				LastSwiftUpdateCheck = 1340;
				LastUpgradeCheck = 1340;
				TargetAttributes = {
					F610B0BD28BDDA0A00A60DC6 = {
						CreatedOnToolsVersion = 13.4.1;
					};
				};
			};
			buildConfigurationList = F610B0B928BDDA0A00A60DC6 /* Build configuration list for PBXProject "TechMon" */;
			compatibilityVersion = "Xcode 13.0";
			developmentRegion = en;
			hasScannedForEncodings = 0;
			knownRegions = (
				en,
				Base,
			);
			mainGroup = F610B0B528BDDA0A00A60DC6;
			productRefGroup = F610B0BF28BDDA0A00A60DC6 /* Products */;
			projectDirPath = "";
			projectRoot = "";
			targets = (
				F610B0BD28BDDA0A00A60DC6 /* TechMon */,
			);
		};
/* End PBXProject section */

/* Begin PBXResourcesBuildPhase section */
		F610B0BC28BDDA0A00A60DC6 /* Resources */ = {
			isa = PBXResourcesBuildPhase;
			buildActionMask = 2147483647;
			files = (
				F610B0F028BDDA4800A60DC6 /* yusya.png in Resources */,
				F610B0ED28BDDA4800A60DC6 /* bgimage.jpg in Resources */,
				F610B0EE28BDDA4800A60DC6 /* waku.png in Resources */,
				F610B0F428BDDA4800A60DC6 /* SE_fanfare.mp3 in Resources */,
				F610B0EB28BDDA4800A60DC6 /* lobby.png in Resources */,
				F610B0EF28BDDA4800A60DC6 /* gold_button.png in Resources */,
				F610B0F728BDDA4800A60DC6 /* SE_attack.mp3 in Resources */,
				F610B0CE28BDDA0B00A60DC6 /* LaunchScreen.storyboard in Resources */,
				F610B0FA28BDDA4800A60DC6 /* lobby.mp3 in Resources */,
				F610B0CB28BDDA0B00A60DC6 /* Assets.xcassets in Resources */,
				F610B0FB28BDDA4800A60DC6 /* misaki_gothic.ttf in Resources */,
				F610B0F828BDDA4800A60DC6 /* SE_gameover.mp3 in Resources */,
				F610B0EC28BDDA4800A60DC6 /* battlebg.png in Resources */,
				F610B0F528BDDA4800A60DC6 /* BGM_battle001.mp3 in Resources */,
				F610B0F928BDDA4800A60DC6 /* SE_charge.mp3 in Resources */,
				F610B0F628BDDA4800A60DC6 /* SE_fire.mp3 in Resources */,
				F610B0F128BDDA4800A60DC6 /* monster.png in Resources */,
				F610B0C928BDDA0A00A60DC6 /* Main.storyboard in Resources */,
			);
			runOnlyForDeploymentPostprocessing = 0;
		};
/* End PBXResourcesBuildPhase section */

/* Begin PBXSourcesBuildPhase section */
		F610B0BA28BDDA0A00A60DC6 /* Sources */ = {
			isa = PBXSourcesBuildPhase;
			buildActionMask = 2147483647;
			files = (
				F610B0FF28BE0F4600A60DC6 /* BattleViewController.swift in Sources */,
				F610B0F228BDDA4800A60DC6 /* TechMonManager.swift in Sources */,
				F610B0C628BDDA0A00A60DC6 /* ViewController.swift in Sources */,
				F610B0F328BDDA4800A60DC6 /* Character.swift in Sources */,
				F610B0FD28BE0F3400A60DC6 /* LobbyViewController.swift in Sources */,
				F610B0C228BDDA0A00A60DC6 /* AppDelegate.swift in Sources */,
				F610B0C428BDDA0A00A60DC6 /* SceneDelegate.swift in Sources */,
			);
			runOnlyForDeploymentPostprocessing = 0;
		};
/* End PBXSourcesBuildPhase section */

/* Begin PBXVariantGroup section */
		F610B0C728BDDA0A00A60DC6 /* Main.storyboard */ = {
			isa = PBXVariantGroup;
			children = (
				F610B0C828BDDA0A00A60DC6 /* Base */,
			);
			name = Main.storyboard;
			sourceTree = "<group>";
		};
		F610B0CC28BDDA0B00A60DC6 /* LaunchScreen.storyboard */ = {
			isa = PBXVariantGroup;
			children = (
				F610B0CD28BDDA0B00A60DC6 /* Base */,
			);
			name = LaunchScreen.storyboard;
			sourceTree = "<group>";
		};
/* End PBXVariantGroup section */

/* Begin XCBuildConfiguration section */
		F610B0D028BDDA0B00A60DC6 /* Debug */ = {
			isa = XCBuildConfiguration;
			buildSettings = {
				ALWAYS_SEARCH_USER_PATHS = NO;
				CLANG_ANALYZER_NONNULL = YES;
				CLANG_ANALYZER_NUMBER_OBJECT_CONVERSION = YES_AGGRESSIVE;
				CLANG_CXX_LANGUAGE_STANDARD = "gnu++17";
				CLANG_ENABLE_MODULES = YES;
				CLANG_ENABLE_OBJC_ARC = YES;
				CLANG_ENABLE_OBJC_WEAK = YES;
				CLANG_WARN_BLOCK_CAPTURE_AUTORELEASING = YES;
				CLANG_WARN_BOOL_CONVERSION = YES;
				CLANG_WARN_COMMA = YES;
				CLANG_WARN_CONSTANT_CONVERSION = YES;
				CLANG_WARN_DEPRECATED_OBJC_IMPLEMENTATIONS = YES;
				CLANG_WARN_DIRECT_OBJC_ISA_USAGE = YES_ERROR;
				CLANG_WARN_DOCUMENTATION_COMMENTS = YES;
				CLANG_WARN_EMPTY_BODY = YES;
				CLANG_WARN_ENUM_CONVERSION = YES;
				CLANG_WARN_INFINITE_RECURSION = YES;
				CLANG_WARN_INT_CONVERSION = YES;
				CLANG_WARN_NON_LITERAL_NULL_CONVERSION = YES;
				CLANG_WARN_OBJC_IMPLICIT_RETAIN_SELF = YES;
				CLANG_WARN_OBJC_LITERAL_CONVERSION = YES;
				CLANG_WARN_OBJC_ROOT_CLASS = YES_ERROR;
				CLANG_WARN_QUOTED_INCLUDE_IN_FRAMEWORK_HEADER = YES;
				CLANG_WARN_RANGE_LOOP_ANALYSIS = YES;
				CLANG_WARN_STRICT_PROTOTYPES = YES;
				CLANG_WARN_SUSPICIOUS_MOVE = YES;
				CLANG_WARN_UNGUARDED_AVAILABILITY = YES_AGGRESSIVE;
				CLANG_WARN_UNREACHABLE_CODE = YES;
				CLANG_WARN__DUPLICATE_METHOD_MATCH = YES;
				COPY_PHASE_STRIP = NO;
				DEBUG_INFORMATION_FORMAT = dwarf;
				ENABLE_STRICT_OBJC_MSGSEND = YES;
				ENABLE_TESTABILITY = YES;
				GCC_C_LANGUAGE_STANDARD = gnu11;
				GCC_DYNAMIC_NO_PIC = NO;
				GCC_NO_COMMON_BLOCKS = YES;
				GCC_OPTIMIZATION_LEVEL = 0;
				GCC_PREPROCESSOR_DEFINITIONS = (
					"DEBUG=1",
					"$(inherited)",
				);
				GCC_WARN_64_TO_32_BIT_CONVERSION = YES;
				GCC_WARN_ABOUT_RETURN_TYPE = YES_ERROR;
				GCC_WARN_UNDECLARED_SELECTOR = YES;
				GCC_WARN_UNINITIALIZED_AUTOS = YES_AGGRESSIVE;
				GCC_WARN_UNUSED_FUNCTION = YES;
				GCC_WARN_UNUSED_VARIABLE = YES;
				IPHONEOS_DEPLOYMENT_TARGET = 15.5;
				MTL_ENABLE_DEBUG_INFO = INCLUDE_SOURCE;
				MTL_FAST_MATH = YES;
				ONLY_ACTIVE_ARCH = YES;
				SDKROOT = iphoneos;
				SWIFT_ACTIVE_COMPILATION_CONDITIONS = DEBUG;
				SWIFT_OPTIMIZATION_LEVEL = "-Onone";
			};
			name = Debug;
		};
		F610B0D128BDDA0B00A60DC6 /* Release */ = {
			isa = XCBuildConfiguration;
			buildSettings = {
				ALWAYS_SEARCH_USER_PATHS = NO;
				CLANG_ANALYZER_NONNULL = YES;
				CLANG_ANALYZER_NUMBER_OBJECT_CONVERSION = YES_AGGRESSIVE;
				CLANG_CXX_LANGUAGE_STANDARD = "gnu++17";
				CLANG_ENABLE_MODULES = YES;
				CLANG_ENABLE_OBJC_ARC = YES;
				CLANG_ENABLE_OBJC_WEAK = YES;
				CLANG_WARN_BLOCK_CAPTURE_AUTORELEASING = YES;
				CLANG_WARN_BOOL_CONVERSION = YES;
				CLANG_WARN_COMMA = YES;
				CLANG_WARN_CONSTANT_CONVERSION = YES;
				CLANG_WARN_DEPRECATED_OBJC_IMPLEMENTATIONS = YES;
				CLANG_WARN_DIRECT_OBJC_ISA_USAGE = YES_ERROR;
				CLANG_WARN_DOCUMENTATION_COMMENTS = YES;
				CLANG_WARN_EMPTY_BODY = YES;
				CLANG_WARN_ENUM_CONVERSION = YES;
				CLANG_WARN_INFINITE_RECURSION = YES;
				CLANG_WARN_INT_CONVERSION = YES;
				CLANG_WARN_NON_LITERAL_NULL_CONVERSION = YES;
				CLANG_WARN_OBJC_IMPLICIT_RETAIN_SELF = YES;
				CLANG_WARN_OBJC_LITERAL_CONVERSION = YES;
				CLANG_WARN_OBJC_ROOT_CLASS = YES_ERROR;
				CLANG_WARN_QUOTED_INCLUDE_IN_FRAMEWORK_HEADER = YES;
				CLANG_WARN_RANGE_LOOP_ANALYSIS = YES;
				CLANG_WARN_STRICT_PROTOTYPES = YES;
				CLANG_WARN_SUSPICIOUS_MOVE = YES;
				CLANG_WARN_UNGUARDED_AVAILABILITY = YES_AGGRESSIVE;
				CLANG_WARN_UNREACHABLE_CODE = YES;
				CLANG_WARN__DUPLICATE_METHOD_MATCH = YES;
				COPY_PHASE_STRIP = NO;
				DEBUG_INFORMATION_FORMAT = "dwarf-with-dsym";
				ENABLE_NS_ASSERTIONS = NO;
				ENABLE_STRICT_OBJC_MSGSEND = YES;
				GCC_C_LANGUAGE_STANDARD = gnu11;
				GCC_NO_COMMON_BLOCKS = YES;
				GCC_WARN_64_TO_32_BIT_CONVERSION = YES;
				GCC_WARN_ABOUT_RETURN_TYPE = YES_ERROR;
				GCC_WARN_UNDECLARED_SELECTOR = YES;
				GCC_WARN_UNINITIALIZED_AUTOS = YES_AGGRESSIVE;
				GCC_WARN_UNUSED_FUNCTION = YES;
				GCC_WARN_UNUSED_VARIABLE = YES;
				IPHONEOS_DEPLOYMENT_TARGET = 15.5;
				MTL_ENABLE_DEBUG_INFO = NO;
				MTL_FAST_MATH = YES;
				SDKROOT = iphoneos;
				SWIFT_COMPILATION_MODE = wholemodule;
				SWIFT_OPTIMIZATION_LEVEL = "-O";
				VALIDATE_PRODUCT = YES;
			};
			name = Release;
		};
		F610B0D328BDDA0B00A60DC6 /* Debug */ = {
			isa = XCBuildConfiguration;
			buildSettings = {
				ASSETCATALOG_COMPILER_APPICON_NAME = AppIcon;
				ASSETCATALOG_COMPILER_GLOBAL_ACCENT_COLOR_NAME = AccentColor;
				CODE_SIGN_STYLE = Automatic;
				CURRENT_PROJECT_VERSION = 1;
				DEVELOPMENT_TEAM = 34KDDNVB49;
				GENERATE_INFOPLIST_FILE = YES;
				INFOPLIST_FILE = TechMon/Info.plist;
				INFOPLIST_KEY_UIApplicationSupportsIndirectInputEvents = YES;
				INFOPLIST_KEY_UILaunchStoryboardName = LaunchScreen;
				INFOPLIST_KEY_UIMainStoryboardFile = Main;
				INFOPLIST_KEY_UISupportedInterfaceOrientations_iPad = "UIInterfaceOrientationPortrait UIInterfaceOrientationPortraitUpsideDown UIInterfaceOrientationLandscapeLeft UIInterfaceOrientationLandscapeRight";
				INFOPLIST_KEY_UISupportedInterfaceOrientations_iPhone = "UIInterfaceOrientationPortrait UIInterfaceOrientationLandscapeLeft UIInterfaceOrientationLandscapeRight";
				LD_RUNPATH_SEARCH_PATHS = (
					"$(inherited)",
					"@executable_path/Frameworks",
				);
				MARKETING_VERSION = 1.0;
				PRODUCT_BUNDLE_IDENTIFIER = app.nagasaki.chanpon.TechMon;
				PRODUCT_NAME = "$(TARGET_NAME)";
				SWIFT_EMIT_LOC_STRINGS = YES;
				SWIFT_VERSION = 5.0;
				TARGETED_DEVICE_FAMILY = "1,2";
			};
			name = Debug;
		};
		F610B0D428BDDA0B00A60DC6 /* Release */ = {
			isa = XCBuildConfiguration;
			buildSettings = {
				ASSETCATALOG_COMPILER_APPICON_NAME = AppIcon;
				ASSETCATALOG_COMPILER_GLOBAL_ACCENT_COLOR_NAME = AccentColor;
				CODE_SIGN_STYLE = Automatic;
				CURRENT_PROJECT_VERSION = 1;
				DEVELOPMENT_TEAM = 34KDDNVB49;
				GENERATE_INFOPLIST_FILE = YES;
				INFOPLIST_FILE = TechMon/Info.plist;
				INFOPLIST_KEY_UIApplicationSupportsIndirectInputEvents = YES;
				INFOPLIST_KEY_UILaunchStoryboardName = LaunchScreen;
				INFOPLIST_KEY_UIMainStoryboardFile = Main;
				INFOPLIST_KEY_UISupportedInterfaceOrientations_iPad = "UIInterfaceOrientationPortrait UIInterfaceOrientationPortraitUpsideDown UIInterfaceOrientationLandscapeLeft UIInterfaceOrientationLandscapeRight";
				INFOPLIST_KEY_UISupportedInterfaceOrientations_iPhone = "UIInterfaceOrientationPortrait UIInterfaceOrientationLandscapeLeft UIInterfaceOrientationLandscapeRight";
				LD_RUNPATH_SEARCH_PATHS = (
					"$(inherited)",
					"@executable_path/Frameworks",
				);
				MARKETING_VERSION = 1.0;
				PRODUCT_BUNDLE_IDENTIFIER = app.nagasaki.chanpon.TechMon;
				PRODUCT_NAME = "$(TARGET_NAME)";
				SWIFT_EMIT_LOC_STRINGS = YES;
				SWIFT_VERSION = 5.0;
				TARGETED_DEVICE_FAMILY = "1,2";
			};
			name = Release;
		};
/* End XCBuildConfiguration section */

/* Begin XCConfigurationList section */
		F610B0B928BDDA0A00A60DC6 /* Build configuration list for PBXProject "TechMon" */ = {
			isa = XCConfigurationList;
			buildConfigurations = (
				F610B0D028BDDA0B00A60DC6 /* Debug */,
				F610B0D128BDDA0B00A60DC6 /* Release */,
			);
			defaultConfigurationIsVisible = 0;
			defaultConfigurationName = Release;
		};
		F610B0D228BDDA0B00A60DC6 /* Build configuration list for PBXNativeTarget "TechMon" */ = {
			isa = XCConfigurationList;
			buildConfigurations = (
				F610B0D328BDDA0B00A60DC6 /* Debug */,
				F610B0D428BDDA0B00A60DC6 /* Release */,
			);
			defaultConfigurationIsVisible = 0;
			defaultConfigurationName = Release;
		};
/* End XCConfigurationList section */
	};
	rootObject = F610B0B628BDDA0A00A60DC6 /* Project object */;
}
